
Microsoft Visual Studio Solution File, Format Version 12.00
# Visual Studio 15
VisualStudioVersion = 15.0.28307.852
MinimumVisualStudioVersion = 10.0.40219.1
Project("{9A19103F-16F7-4668-BE54-9A1E7A4F7556}") = "7kojos", "7kojos\7kojos.csproj", "{2C5DB2E7-E98E-4137-8C54-3B8783A97233}"
EndProject
Global
	GlobalSection(SolutionConfigurationPlatforms) = preSolution
		Debug|Any CPU = Debug|Any CPU
		Release|Any CPU = Release|Any CPU
	EndGlobalSection
	GlobalSection(ProjectConfigurationPlatforms) = postSolution
		{2C5DB2E7-E98E-4137-8C54-3B8783A97233}.Debug|Any CPU.ActiveCfg = Debug|Any CPU
		{2C5DB2E7-E98E-4137-8C54-3B8783A97233}.Debug|Any CPU.Build.0 = Debug|Any CPU
		{2C5DB2E7-E98E-4137-8C54-3B8783A97233}.Release|Any CPU.ActiveCfg = Release|Any CPU
		{2C5DB2E7-E98E-4137-8C54-3B8783A97233}.Release|Any CPU.Build.0 = Release|Any CPU
	EndGlobalSection
	GlobalSection(SolutionProperties) = preSolution
		HideSolutionNode = FALSE
	EndGlobalSection
	GlobalSection(ExtensibilityGlobals) = postSolution
		SolutionGuid = {4BBEBC0D-2077-4A01-89A0-719280A64A5E}
	EndGlobalSection
EndGlobal
